
Microsoft Visual Studio Solution File, Format Version 12.00
# Visual Studio Version 17
VisualStudioVersion = 17.7.34031.279
MinimumVisualStudioVersion = 10.0.40219.1
Project("{9A19103F-16F7-4668-BE54-9A1E7A4F7556}") = "Hafta01", "Hafta01\Hafta01.csproj", "{E5CDA4F5-83D6-4AB9-8851-055ABFBCB366}"
EndProject
Project("{9A19103F-16F7-4668-BE54-9A1E7A4F7556}") = "Hafta02", "Hafta02\Hafta02.csproj", "{5522578B-4F93-493D-AA29-CF53EF584A2F}"
EndProject
Project("{9A19103F-16F7-4668-BE54-9A1E7A4F7556}") = "Hafta03", "Hafta03\Hafta03.csproj", "{17DB0B4A-46E0-4B05-9CF7-CAD9204C1A86}"
EndProject
Project("{9A19103F-16F7-4668-BE54-9A1E7A4F7556}") = "Hafta04", "Hafta04\Hafta04.csproj", "{E7F67E55-3D6B-459C-9036-8C73994269EA}"
EndProject
Project("{9A19103F-16F7-4668-BE54-9A1E7A4F7556}") = "Hafta05", "Hafta05\Hafta05.csproj", "{4F9C82E0-0193-409A-B2CF-CA379C133543}"
EndProject
Project("{9A19103F-16F7-4668-BE54-9A1E7A4F7556}") = "Hafta06", "Hafta06\Hafta06.csproj", "{15219DE3-BC60-4E2E-9D74-776912A1262E}"
EndProject
Project("{9A19103F-16F7-4668-BE54-9A1E7A4F7556}") = "Hafta07", "Hafta07\Hafta07.csproj", "{17C907C9-C3AF-417B-ABF4-08C6FAC7736A}"
EndProject
Project("{9A19103F-16F7-4668-BE54-9A1E7A4F7556}") = "Hafta10", "Hafta10\Hafta10.csproj", "{DE22AFDF-9E3B-461D-96C4-E35041D63802}"
EndProject
Project("{FAE04EC0-301F-11D3-BF4B-00C04F79EFBC}") = "Hafta11", "Hafta11\Hafta11.csproj", "{BDA83903-5B28-4863-A844-2DB319A18513}"
EndProject
Global
	GlobalSection(SolutionConfigurationPlatforms) = preSolution
		Debug|Any CPU = Debug|Any CPU
		Release|Any CPU = Release|Any CPU
	EndGlobalSection
	GlobalSection(ProjectConfigurationPlatforms) = postSolution
		{E5CDA4F5-83D6-4AB9-8851-055ABFBCB366}.Debug|Any CPU.ActiveCfg = Debug|Any CPU
		{E5CDA4F5-83D6-4AB9-8851-055ABFBCB366}.Debug|Any CPU.Build.0 = Debug|Any CPU
		{E5CDA4F5-83D6-4AB9-8851-055ABFBCB366}.Release|Any CPU.ActiveCfg = Release|Any CPU
		{E5CDA4F5-83D6-4AB9-8851-055ABFBCB366}.Release|Any CPU.Build.0 = Release|Any CPU
		{5522578B-4F93-493D-AA29-CF53EF584A2F}.Debug|Any CPU.ActiveCfg = Debug|Any CPU
		{5522578B-4F93-493D-AA29-CF53EF584A2F}.Debug|Any CPU.Build.0 = Debug|Any CPU
		{5522578B-4F93-493D-AA29-CF53EF584A2F}.Release|Any CPU.ActiveCfg = Release|Any CPU
		{5522578B-4F93-493D-AA29-CF53EF584A2F}.Release|Any CPU.Build.0 = Release|Any CPU
		{17DB0B4A-46E0-4B05-9CF7-CAD9204C1A86}.Debug|Any CPU.ActiveCfg = Debug|Any CPU
		{17DB0B4A-46E0-4B05-9CF7-CAD9204C1A86}.Debug|Any CPU.Build.0 = Debug|Any CPU
		{17DB0B4A-46E0-4B05-9CF7-CAD9204C1A86}.Release|Any CPU.ActiveCfg = Release|Any CPU
		{17DB0B4A-46E0-4B05-9CF7-CAD9204C1A86}.Release|Any CPU.Build.0 = Release|Any CPU
		{E7F67E55-3D6B-459C-9036-8C73994269EA}.Debug|Any CPU.ActiveCfg = Debug|Any CPU
		{E7F67E55-3D6B-459C-9036-8C73994269EA}.Debug|Any CPU.Build.0 = Debug|Any CPU
		{E7F67E55-3D6B-459C-9036-8C73994269EA}.Release|Any CPU.ActiveCfg = Release|Any CPU
		{E7F67E55-3D6B-459C-9036-8C73994269EA}.Release|Any CPU.Build.0 = Release|Any CPU
		{4F9C82E0-0193-409A-B2CF-CA379C133543}.Debug|Any CPU.ActiveCfg = Debug|Any CPU
		{4F9C82E0-0193-409A-B2CF-CA379C133543}.Debug|Any CPU.Build.0 = Debug|Any CPU
		{4F9C82E0-0193-409A-B2CF-CA379C133543}.Release|Any CPU.ActiveCfg = Release|Any CPU
		{4F9C82E0-0193-409A-B2CF-CA379C133543}.Release|Any CPU.Build.0 = Release|Any CPU
		{15219DE3-BC60-4E2E-9D74-776912A1262E}.Debug|Any CPU.ActiveCfg = Debug|Any CPU
		{15219DE3-BC60-4E2E-9D74-776912A1262E}.Debug|Any CPU.Build.0 = Debug|Any CPU
		{15219DE3-BC60-4E2E-9D74-776912A1262E}.Release|Any CPU.ActiveCfg = Release|Any CPU
		{15219DE3-BC60-4E2E-9D74-776912A1262E}.Release|Any CPU.Build.0 = Release|Any CPU
		{17C907C9-C3AF-417B-ABF4-08C6FAC7736A}.Debug|Any CPU.ActiveCfg = Debug|Any CPU
		{17C907C9-C3AF-417B-ABF4-08C6FAC7736A}.Debug|Any CPU.Build.0 = Debug|Any CPU
		{17C907C9-C3AF-417B-ABF4-08C6FAC7736A}.Release|Any CPU.ActiveCfg = Release|Any CPU
		{17C907C9-C3AF-417B-ABF4-08C6FAC7736A}.Release|Any CPU.Build.0 = Release|Any CPU
		{DE22AFDF-9E3B-461D-96C4-E35041D63802}.Debug|Any CPU.ActiveCfg = Debug|Any CPU
		{DE22AFDF-9E3B-461D-96C4-E35041D63802}.Debug|Any CPU.Build.0 = Debug|Any CPU
		{DE22AFDF-9E3B-461D-96C4-E35041D63802}.Release|Any CPU.ActiveCfg = Release|Any CPU
		{DE22AFDF-9E3B-461D-96C4-E35041D63802}.Release|Any CPU.Build.0 = Release|Any CPU
		{BDA83903-5B28-4863-A844-2DB319A18513}.Debug|Any CPU.ActiveCfg = Debug|Any CPU
		{BDA83903-5B28-4863-A844-2DB319A18513}.Debug|Any CPU.Build.0 = Debug|Any CPU
		{BDA83903-5B28-4863-A844-2DB319A18513}.Release|Any CPU.ActiveCfg = Release|Any CPU
		{BDA83903-5B28-4863-A844-2DB319A18513}.Release|Any CPU.Build.0 = Release|Any CPU
	EndGlobalSection
	GlobalSection(SolutionProperties) = preSolution
		HideSolutionNode = FALSE
	EndGlobalSection
	GlobalSection(ExtensibilityGlobals) = postSolution
		SolutionGuid = {3FFDFAA3-F00C-477E-A72B-F049AAA470E7}
	EndGlobalSection
EndGlobal
